// !$*UTF8*$!
{
	archiveVersion = 1;
	classes = {
	};
	objectVersion = 55;
	objects = {

/* Begin PBXBuildFile section */
		57402F5129DBFC6F00E75B1A /* FastlaneSnapshot.swift in Sources */ = {isa = PBXBuildFile; fileRef = 57402F5029DBFC6F00E75B1A /* FastlaneSnapshot.swift */; };
		57402F5329DBFC6F00E75B1A /* FastlaneSnapshotLaunchTests.swift in Sources */ = {isa = PBXBuildFile; fileRef = 57402F5229DBFC6F00E75B1A /* FastlaneSnapshotLaunchTests.swift */; };
		EDF320D629CE7F9400884C99 /* HelloWorldApp.swift in Sources */ = {isa = PBXBuildFile; fileRef = EDF320D529CE7F9400884C99 /* HelloWorldApp.swift */; };
		EDF320D829CE7F9400884C99 /* ContentView.swift in Sources */ = {isa = PBXBuildFile; fileRef = EDF320D729CE7F9400884C99 /* ContentView.swift */; };
		EDF320DA29CE7F9500884C99 /* Assets.xcassets in Resources */ = {isa = PBXBuildFile; fileRef = EDF320D929CE7F9500884C99 /* Assets.xcassets */; };
		EDF320DD29CE7F9500884C99 /* Preview Assets.xcassets in Resources */ = {isa = PBXBuildFile; fileRef = EDF320DC29CE7F9500884C99 /* Preview Assets.xcassets */; };
		EDF320E729CE7F9500884C99 /* HelloWorldTests.swift in Sources */ = {isa = PBXBuildFile; fileRef = EDF320E629CE7F9500884C99 /* HelloWorldTests.swift */; };
		EDF320F129CE7F9500884C99 /* HelloWorldUITests.swift in Sources */ = {isa = PBXBuildFile; fileRef = EDF320F029CE7F9500884C99 /* HelloWorldUITests.swift */; };
		EDF320F329CE7F9500884C99 /* HelloWorldUITestsLaunchTests.swift in Sources */ = {isa = PBXBuildFile; fileRef = EDF320F229CE7F9500884C99 /* HelloWorldUITestsLaunchTests.swift */; };
/* End PBXBuildFile section */

/* Begin PBXContainerItemProxy section */
		57402F5429DBFC6F00E75B1A /* PBXContainerItemProxy */ = {
			isa = PBXContainerItemProxy;
			containerPortal = EDF320CA29CE7F9400884C99 /* Project object */;
			proxyType = 1;
			remoteGlobalIDString = EDF320D129CE7F9400884C99;
			remoteInfo = HelloWorld;
		};
		EDF320E329CE7F9500884C99 /* PBXContainerItemProxy */ = {
			isa = PBXContainerItemProxy;
			containerPortal = EDF320CA29CE7F9400884C99 /* Project object */;
			proxyType = 1;
			remoteGlobalIDString = EDF320D129CE7F9400884C99;
			remoteInfo = HelloWorld;
		};
		EDF320ED29CE7F9500884C99 /* PBXContainerItemProxy */ = {
			isa = PBXContainerItemProxy;
			containerPortal = EDF320CA29CE7F9400884C99 /* Project object */;
			proxyType = 1;
			remoteGlobalIDString = EDF320D129CE7F9400884C99;
			remoteInfo = HelloWorld;
		};
/* End PBXContainerItemProxy section */

/* Begin PBXFileReference section */
		57402F4E29DBFC6F00E75B1A /* FastlaneSnapshot.xctest */ = {isa = PBXFileReference; explicitFileType = wrapper.cfbundle; includeInIndex = 0; path = FastlaneSnapshot.xctest; sourceTree = BUILT_PRODUCTS_DIR; };
		57402F5029DBFC6F00E75B1A /* FastlaneSnapshot.swift */ = {isa = PBXFileReference; lastKnownFileType = sourcecode.swift; path = FastlaneSnapshot.swift; sourceTree = "<group>"; };
		57402F5229DBFC6F00E75B1A /* FastlaneSnapshotLaunchTests.swift */ = {isa = PBXFileReference; lastKnownFileType = sourcecode.swift; path = FastlaneSnapshotLaunchTests.swift; sourceTree = "<group>"; };
		EDF320D229CE7F9400884C99 /* HelloWorld.app */ = {isa = PBXFileReference; explicitFileType = wrapper.application; includeInIndex = 0; path = HelloWorld.app; sourceTree = BUILT_PRODUCTS_DIR; };
		EDF320D529CE7F9400884C99 /* HelloWorldApp.swift */ = {isa = PBXFileReference; lastKnownFileType = sourcecode.swift; path = HelloWorldApp.swift; sourceTree = "<group>"; };
		EDF320D729CE7F9400884C99 /* ContentView.swift */ = {isa = PBXFileReference; lastKnownFileType = sourcecode.swift; path = ContentView.swift; sourceTree = "<group>"; };
		EDF320D929CE7F9500884C99 /* Assets.xcassets */ = {isa = PBXFileReference; lastKnownFileType = folder.assetcatalog; path = Assets.xcassets; sourceTree = "<group>"; };
		EDF320DC29CE7F9500884C99 /* Preview Assets.xcassets */ = {isa = PBXFileReference; lastKnownFileType = folder.assetcatalog; path = "Preview Assets.xcassets"; sourceTree = "<group>"; };
		EDF320E229CE7F9500884C99 /* HelloWorldTests.xctest */ = {isa = PBXFileReference; explicitFileType = wrapper.cfbundle; includeInIndex = 0; path = HelloWorldTests.xctest; sourceTree = BUILT_PRODUCTS_DIR; };
		EDF320E629CE7F9500884C99 /* HelloWorldTests.swift */ = {isa = PBXFileReference; lastKnownFileType = sourcecode.swift; path = HelloWorldTests.swift; sourceTree = "<group>"; };
		EDF320EC29CE7F9500884C99 /* HelloWorldUITests.xctest */ = {isa = PBXFileReference; explicitFileType = wrapper.cfbundle; includeInIndex = 0; path = HelloWorldUITests.xctest; sourceTree = BUILT_PRODUCTS_DIR; };
		EDF320F029CE7F9500884C99 /* HelloWorldUITests.swift */ = {isa = PBXFileReference; lastKnownFileType = sourcecode.swift; path = HelloWorldUITests.swift; sourceTree = "<group>"; };
		EDF320F229CE7F9500884C99 /* HelloWorldUITestsLaunchTests.swift */ = {isa = PBXFileReference; lastKnownFileType = sourcecode.swift; path = HelloWorldUITestsLaunchTests.swift; sourceTree = "<group>"; };
/* End PBXFileReference section */

/* Begin PBXFrameworksBuildPhase section */
		57402F4B29DBFC6F00E75B1A /* Frameworks */ = {
			isa = PBXFrameworksBuildPhase;
			buildActionMask = 2147483647;
			files = (
			);
			runOnlyForDeploymentPostprocessing = 0;
		};
		EDF320CF29CE7F9400884C99 /* Frameworks */ = {
			isa = PBXFrameworksBuildPhase;
			buildActionMask = 2147483647;
			files = (
			);
			runOnlyForDeploymentPostprocessing = 0;
		};
		EDF320DF29CE7F9500884C99 /* Frameworks */ = {
			isa = PBXFrameworksBuildPhase;
			buildActionMask = 2147483647;
			files = (
			);
			runOnlyForDeploymentPostprocessing = 0;
		};
		EDF320E929CE7F9500884C99 /* Frameworks */ = {
			isa = PBXFrameworksBuildPhase;
			buildActionMask = 2147483647;
			files = (
			);
			runOnlyForDeploymentPostprocessing = 0;
		};
/* End PBXFrameworksBuildPhase section */

/* Begin PBXGroup section */
		57402F4F29DBFC6F00E75B1A /* FastlaneSnapshot */ = {
			isa = PBXGroup;
			children = (
				57402F5029DBFC6F00E75B1A /* FastlaneSnapshot.swift */,
				57402F5229DBFC6F00E75B1A /* FastlaneSnapshotLaunchTests.swift */,
			);
			path = FastlaneSnapshot;
			sourceTree = "<group>";
		};
		EDF320C929CE7F9400884C99 = {
			isa = PBXGroup;
			children = (
				EDF320D429CE7F9400884C99 /* HelloWorld */,
				EDF320E529CE7F9500884C99 /* HelloWorldTests */,
				EDF320EF29CE7F9500884C99 /* HelloWorldUITests */,
				57402F4F29DBFC6F00E75B1A /* FastlaneSnapshot */,
				EDF320D329CE7F9400884C99 /* Products */,
			);
			sourceTree = "<group>";
		};
		EDF320D329CE7F9400884C99 /* Products */ = {
			isa = PBXGroup;
			children = (
				EDF320D229CE7F9400884C99 /* HelloWorld.app */,
				EDF320E229CE7F9500884C99 /* HelloWorldTests.xctest */,
				EDF320EC29CE7F9500884C99 /* HelloWorldUITests.xctest */,
				57402F4E29DBFC6F00E75B1A /* FastlaneSnapshot.xctest */,
			);
			name = Products;
			sourceTree = "<group>";
		};
		EDF320D429CE7F9400884C99 /* HelloWorld */ = {
			isa = PBXGroup;
			children = (
				EDF320D529CE7F9400884C99 /* HelloWorldApp.swift */,
				EDF320D729CE7F9400884C99 /* ContentView.swift */,
				EDF320D929CE7F9500884C99 /* Assets.xcassets */,
				EDF320DB29CE7F9500884C99 /* Preview Content */,
			);
			path = HelloWorld;
			sourceTree = "<group>";
		};
		EDF320DB29CE7F9500884C99 /* Preview Content */ = {
			isa = PBXGroup;
			children = (
				EDF320DC29CE7F9500884C99 /* Preview Assets.xcassets */,
			);
			path = "Preview Content";
			sourceTree = "<group>";
		};
		EDF320E529CE7F9500884C99 /* HelloWorldTests */ = {
			isa = PBXGroup;
			children = (
				EDF320E629CE7F9500884C99 /* HelloWorldTests.swift */,
			);
			path = HelloWorldTests;
			sourceTree = "<group>";
		};
		EDF320EF29CE7F9500884C99 /* HelloWorldUITests */ = {
			isa = PBXGroup;
			children = (
				EDF320F029CE7F9500884C99 /* HelloWorldUITests.swift */,
				EDF320F229CE7F9500884C99 /* HelloWorldUITestsLaunchTests.swift */,
			);
			path = HelloWorldUITests;
			sourceTree = "<group>";
		};
/* End PBXGroup section */

/* Begin PBXNativeTarget section */
		57402F4D29DBFC6F00E75B1A /* FastlaneSnapshot */ = {
			isa = PBXNativeTarget;
			buildConfigurationList = 57402F5829DBFC6F00E75B1A /* Build configuration list for PBXNativeTarget "FastlaneSnapshot" */;
			buildPhases = (
				57402F4A29DBFC6F00E75B1A /* Sources */,
				57402F4B29DBFC6F00E75B1A /* Frameworks */,
				57402F4C29DBFC6F00E75B1A /* Resources */,
			);
			buildRules = (
			);
			dependencies = (
				57402F5529DBFC6F00E75B1A /* PBXTargetDependency */,
			);
			name = FastlaneSnapshot;
			productName = FastlaneSnapshot;
			productReference = 57402F4E29DBFC6F00E75B1A /* FastlaneSnapshot.xctest */;
			productType = "com.apple.product-type.bundle.ui-testing";
		};
		EDF320D129CE7F9400884C99 /* HelloWorld */ = {
			isa = PBXNativeTarget;
			buildConfigurationList = EDF320F629CE7F9500884C99 /* Build configuration list for PBXNativeTarget "HelloWorld" */;
			buildPhases = (
				EDF320CE29CE7F9400884C99 /* Sources */,
				EDF320CF29CE7F9400884C99 /* Frameworks */,
				EDF320D029CE7F9400884C99 /* Resources */,
			);
			buildRules = (
			);
			dependencies = (
			);
			name = HelloWorld;
			productName = HelloWorld;
			productReference = EDF320D229CE7F9400884C99 /* HelloWorld.app */;
			productType = "com.apple.product-type.application";
		};
		EDF320E129CE7F9500884C99 /* HelloWorldTests */ = {
			isa = PBXNativeTarget;
			buildConfigurationList = EDF320F929CE7F9500884C99 /* Build configuration list for PBXNativeTarget "HelloWorldTests" */;
			buildPhases = (
				EDF320DE29CE7F9500884C99 /* Sources */,
				EDF320DF29CE7F9500884C99 /* Frameworks */,
				EDF320E029CE7F9500884C99 /* Resources */,
			);
			buildRules = (
			);
			dependencies = (
				EDF320E429CE7F9500884C99 /* PBXTargetDependency */,
			);
			name = HelloWorldTests;
			productName = HelloWorldTests;
			productReference = EDF320E229CE7F9500884C99 /* HelloWorldTests.xctest */;
			productType = "com.apple.product-type.bundle.unit-test";
		};
		EDF320EB29CE7F9500884C99 /* HelloWorldUITests */ = {
			isa = PBXNativeTarget;
			buildConfigurationList = EDF320FC29CE7F9500884C99 /* Build configuration list for PBXNativeTarget "HelloWorldUITests" */;
			buildPhases = (
				EDF320E829CE7F9500884C99 /* Sources */,
				EDF320E929CE7F9500884C99 /* Frameworks */,
				EDF320EA29CE7F9500884C99 /* Resources */,
			);
			buildRules = (
			);
			dependencies = (
				EDF320EE29CE7F9500884C99 /* PBXTargetDependency */,
			);
			name = HelloWorldUITests;
			productName = HelloWorldUITests;
			productReference = EDF320EC29CE7F9500884C99 /* HelloWorldUITests.xctest */;
			productType = "com.apple.product-type.bundle.ui-testing";
		};
/* End PBXNativeTarget section */

/* Begin PBXProject section */
		EDF320CA29CE7F9400884C99 /* Project object */ = {
			isa = PBXProject;
			attributes = {
				BuildIndependentTargetsInParallel = 1;
				LastSwiftUpdateCheck = 1420;
				LastUpgradeCheck = 1420;
				TargetAttributes = {
					57402F4D29DBFC6F00E75B1A = {
						CreatedOnToolsVersion = 14.2;
						TestTargetID = EDF320D129CE7F9400884C99;
					};
					EDF320D129CE7F9400884C99 = {
						CreatedOnToolsVersion = 14.2;
					};
					EDF320E129CE7F9500884C99 = {
						CreatedOnToolsVersion = 14.2;
						TestTargetID = EDF320D129CE7F9400884C99;
					};
					EDF320EB29CE7F9500884C99 = {
						CreatedOnToolsVersion = 14.2;
						TestTargetID = EDF320D129CE7F9400884C99;
					};
				};
			};
			buildConfigurationList = EDF320CD29CE7F9400884C99 /* Build configuration list for PBXProject "HelloWorld" */;
			compatibilityVersion = "Xcode 13.0";
			developmentRegion = en;
			hasScannedForEncodings = 0;
			knownRegions = (
				en,
				Base,
			);
			mainGroup = EDF320C929CE7F9400884C99;
			productRefGroup = EDF320D329CE7F9400884C99 /* Products */;
			projectDirPath = "";
			projectRoot = "";
			targets = (
				EDF320D129CE7F9400884C99 /* HelloWorld */,
				EDF320E129CE7F9500884C99 /* HelloWorldTests */,
				EDF320EB29CE7F9500884C99 /* HelloWorldUITests */,
				57402F4D29DBFC6F00E75B1A /* FastlaneSnapshot */,
			);
		};
/* End PBXProject section */

/* Begin PBXResourcesBuildPhase section */
		57402F4C29DBFC6F00E75B1A /* Resources */ = {
			isa = PBXResourcesBuildPhase;
			buildActionMask = 2147483647;
			files = (
			);
			runOnlyForDeploymentPostprocessing = 0;
		};
		EDF320D029CE7F9400884C99 /* Resources */ = {
			isa = PBXResourcesBuildPhase;
			buildActionMask = 2147483647;
			files = (
				EDF320DD29CE7F9500884C99 /* Preview Assets.xcassets in Resources */,
				EDF320DA29CE7F9500884C99 /* Assets.xcassets in Resources */,
			);
			runOnlyForDeploymentPostprocessing = 0;
		};
		EDF320E029CE7F9500884C99 /* Resources */ = {
			isa = PBXResourcesBuildPhase;
			buildActionMask = 2147483647;
			files = (
			);
			runOnlyForDeploymentPostprocessing = 0;
		};
		EDF320EA29CE7F9500884C99 /* Resources */ = {
			isa = PBXResourcesBuildPhase;
			buildActionMask = 2147483647;
			files = (
			);
			runOnlyForDeploymentPostprocessing = 0;
		};
/* End PBXResourcesBuildPhase section */

/* Begin PBXSourcesBuildPhase section */
		57402F4A29DBFC6F00E75B1A /* Sources */ = {
			isa = PBXSourcesBuildPhase;
			buildActionMask = 2147483647;
			files = (
				57402F5329DBFC6F00E75B1A /* FastlaneSnapshotLaunchTests.swift in Sources */,
				57402F5129DBFC6F00E75B1A /* FastlaneSnapshot.swift in Sources */,
			);
			runOnlyForDeploymentPostprocessing = 0;
		};
		EDF320CE29CE7F9400884C99 /* Sources */ = {
			isa = PBXSourcesBuildPhase;
			buildActionMask = 2147483647;
			files = (
				EDF320D829CE7F9400884C99 /* ContentView.swift in Sources */,
				EDF320D629CE7F9400884C99 /* HelloWorldApp.swift in Sources */,
			);
			runOnlyForDeploymentPostprocessing = 0;
		};
		EDF320DE29CE7F9500884C99 /* Sources */ = {
			isa = PBXSourcesBuildPhase;
			buildActionMask = 2147483647;
			files = (
				EDF320E729CE7F9500884C99 /* HelloWorldTests.swift in Sources */,
			);
			runOnlyForDeploymentPostprocessing = 0;
		};
		EDF320E829CE7F9500884C99 /* Sources */ = {
			isa = PBXSourcesBuildPhase;
			buildActionMask = 2147483647;
			files = (
				EDF320F329CE7F9500884C99 /* HelloWorldUITestsLaunchTests.swift in Sources */,
				EDF320F129CE7F9500884C99 /* HelloWorldUITests.swift in Sources */,
			);
			runOnlyForDeploymentPostprocessing = 0;
		};
/* End PBXSourcesBuildPhase section */

/* Begin PBXTargetDependency section */
		57402F5529DBFC6F00E75B1A /* PBXTargetDependency */ = {
			isa = PBXTargetDependency;
			target = EDF320D129CE7F9400884C99 /* HelloWorld */;
			targetProxy = 57402F5429DBFC6F00E75B1A /* PBXContainerItemProxy */;
		};
		EDF320E429CE7F9500884C99 /* PBXTargetDependency */ = {
			isa = PBXTargetDependency;
			target = EDF320D129CE7F9400884C99 /* HelloWorld */;
			targetProxy = EDF320E329CE7F9500884C99 /* PBXContainerItemProxy */;
		};
		EDF320EE29CE7F9500884C99 /* PBXTargetDependency */ = {
			isa = PBXTargetDependency;
			target = EDF320D129CE7F9400884C99 /* HelloWorld */;
			targetProxy = EDF320ED29CE7F9500884C99 /* PBXContainerItemProxy */;
		};
/* End PBXTargetDependency section */

/* Begin XCBuildConfiguration section */
		57402F5629DBFC6F00E75B1A /* Debug */ = {
			isa = XCBuildConfiguration;
			buildSettings = {
				CODE_SIGN_STYLE = Automatic;
				CURRENT_PROJECT_VERSION = 22;
				DEVELOPMENT_TEAM = "";
				GENERATE_INFOPLIST_FILE = YES;
				IPHONEOS_DEPLOYMENT_TARGET = 16.2;
				MARKETING_VERSION = 1.0;
				PRODUCT_BUNDLE_IDENTIFIER = grilledsalmon.store.HelloWorld.FastlaneSnapshot;
				PRODUCT_NAME = "$(TARGET_NAME)";
				SWIFT_EMIT_LOC_STRINGS = NO;
				SWIFT_VERSION = 5.0;
				TARGETED_DEVICE_FAMILY = "1,2";
				TEST_TARGET_NAME = HelloWorld;
			};
			name = Debug;
		};
		57402F5729DBFC6F00E75B1A /* Release */ = {
			isa = XCBuildConfiguration;
			buildSettings = {
				CODE_SIGN_STYLE = Automatic;
				CURRENT_PROJECT_VERSION = 22;
				DEVELOPMENT_TEAM = "";
				GENERATE_INFOPLIST_FILE = YES;
				IPHONEOS_DEPLOYMENT_TARGET = 16.2;
				MARKETING_VERSION = 1.0;
				PRODUCT_BUNDLE_IDENTIFIER = grilledsalmon.store.HelloWorld.FastlaneSnapshot;
				PRODUCT_NAME = "$(TARGET_NAME)";
				SWIFT_EMIT_LOC_STRINGS = NO;
				SWIFT_VERSION = 5.0;
				TARGETED_DEVICE_FAMILY = "1,2";
				TEST_TARGET_NAME = HelloWorld;
			};
			name = Release;
		};
		EDF320F429CE7F9500884C99 /* Debug */ = {
			isa = XCBuildConfiguration;
			buildSettings = {
				ALWAYS_SEARCH_USER_PATHS = NO;
				CLANG_ANALYZER_NONNULL = YES;
				CLANG_ANALYZER_NUMBER_OBJECT_CONVERSION = YES_AGGRESSIVE;
				CLANG_CXX_LANGUAGE_STANDARD = "gnu++20";
				CLANG_ENABLE_MODULES = YES;
				CLANG_ENABLE_OBJC_ARC = YES;
				CLANG_ENABLE_OBJC_WEAK = YES;
				CLANG_WARN_BLOCK_CAPTURE_AUTORELEASING = YES;
				CLANG_WARN_BOOL_CONVERSION = YES;
				CLANG_WARN_COMMA = YES;
				CLANG_WARN_CONSTANT_CONVERSION = YES;
				CLANG_WARN_DEPRECATED_OBJC_IMPLEMENTATIONS = YES;
				CLANG_WARN_DIRECT_OBJC_ISA_USAGE = YES_ERROR;
				CLANG_WARN_DOCUMENTATION_COMMENTS = YES;
				CLANG_WARN_EMPTY_BODY = YES;
				CLANG_WARN_ENUM_CONVERSION = YES;
				CLANG_WARN_INFINITE_RECURSION = YES;
				CLANG_WARN_INT_CONVERSION = YES;
				CLANG_WARN_NON_LITERAL_NULL_CONVERSION = YES;
				CLANG_WARN_OBJC_IMPLICIT_RETAIN_SELF = YES;
				CLANG_WARN_OBJC_LITERAL_CONVERSION = YES;
				CLANG_WARN_OBJC_ROOT_CLASS = YES_ERROR;
				CLANG_WARN_QUOTED_INCLUDE_IN_FRAMEWORK_HEADER = YES;
				CLANG_WARN_RANGE_LOOP_ANALYSIS = YES;
				CLANG_WARN_STRICT_PROTOTYPES = YES;
				CLANG_WARN_SUSPICIOUS_MOVE = YES;
				CLANG_WARN_UNGUARDED_AVAILABILITY = YES_AGGRESSIVE;
				CLANG_WARN_UNREACHABLE_CODE = YES;
				CLANG_WARN__DUPLICATE_METHOD_MATCH = YES;
				COPY_PHASE_STRIP = NO;
				DEBUG_INFORMATION_FORMAT = dwarf;
				ENABLE_STRICT_OBJC_MSGSEND = YES;
				ENABLE_TESTABILITY = YES;
				GCC_C_LANGUAGE_STANDARD = gnu11;
				GCC_DYNAMIC_NO_PIC = NO;
				GCC_NO_COMMON_BLOCKS = YES;
				GCC_OPTIMIZATION_LEVEL = 0;
				GCC_PREPROCESSOR_DEFINITIONS = (
					"DEBUG=1",
					"$(inherited)",
				);
				GCC_WARN_64_TO_32_BIT_CONVERSION = YES;
				GCC_WARN_ABOUT_RETURN_TYPE = YES_ERROR;
				GCC_WARN_UNDECLARED_SELECTOR = YES;
				GCC_WARN_UNINITIALIZED_AUTOS = YES_AGGRESSIVE;
				GCC_WARN_UNUSED_FUNCTION = YES;
				GCC_WARN_UNUSED_VARIABLE = YES;
				IPHONEOS_DEPLOYMENT_TARGET = 15.0;
				MTL_ENABLE_DEBUG_INFO = INCLUDE_SOURCE;
				MTL_FAST_MATH = YES;
				ONLY_ACTIVE_ARCH = YES;
				SDKROOT = iphoneos;
				SWIFT_ACTIVE_COMPILATION_CONDITIONS = DEBUG;
				SWIFT_OPTIMIZATION_LEVEL = "-Onone";
			};
			name = Debug;
		};
		EDF320F529CE7F9500884C99 /* Release */ = {
			isa = XCBuildConfiguration;
			buildSettings = {
				ALWAYS_SEARCH_USER_PATHS = NO;
				CLANG_ANALYZER_NONNULL = YES;
				CLANG_ANALYZER_NUMBER_OBJECT_CONVERSION = YES_AGGRESSIVE;
				CLANG_CXX_LANGUAGE_STANDARD = "gnu++20";
				CLANG_ENABLE_MODULES = YES;
				CLANG_ENABLE_OBJC_ARC = YES;
				CLANG_ENABLE_OBJC_WEAK = YES;
				CLANG_WARN_BLOCK_CAPTURE_AUTORELEASING = YES;
				CLANG_WARN_BOOL_CONVERSION = YES;
				CLANG_WARN_COMMA = YES;
				CLANG_WARN_CONSTANT_CONVERSION = YES;
				CLANG_WARN_DEPRECATED_OBJC_IMPLEMENTATIONS = YES;
				CLANG_WARN_DIRECT_OBJC_ISA_USAGE = YES_ERROR;
				CLANG_WARN_DOCUMENTATION_COMMENTS = YES;
				CLANG_WARN_EMPTY_BODY = YES;
				CLANG_WARN_ENUM_CONVERSION = YES;
				CLANG_WARN_INFINITE_RECURSION = YES;
				CLANG_WARN_INT_CONVERSION = YES;
				CLANG_WARN_NON_LITERAL_NULL_CONVERSION = YES;
				CLANG_WARN_OBJC_IMPLICIT_RETAIN_SELF = YES;
				CLANG_WARN_OBJC_LITERAL_CONVERSION = YES;
				CLANG_WARN_OBJC_ROOT_CLASS = YES_ERROR;
				CLANG_WARN_QUOTED_INCLUDE_IN_FRAMEWORK_HEADER = YES;
				CLANG_WARN_RANGE_LOOP_ANALYSIS = YES;
				CLANG_WARN_STRICT_PROTOTYPES = YES;
				CLANG_WARN_SUSPICIOUS_MOVE = YES;
				CLANG_WARN_UNGUARDED_AVAILABILITY = YES_AGGRESSIVE;
				CLANG_WARN_UNREACHABLE_CODE = YES;
				CLANG_WARN__DUPLICATE_METHOD_MATCH = YES;
				COPY_PHASE_STRIP = NO;
				DEBUG_INFORMATION_FORMAT = "dwarf-with-dsym";
				ENABLE_NS_ASSERTIONS = NO;
				ENABLE_STRICT_OBJC_MSGSEND = YES;
				GCC_C_LANGUAGE_STANDARD = gnu11;
				GCC_NO_COMMON_BLOCKS = YES;
				GCC_WARN_64_TO_32_BIT_CONVERSION = YES;
				GCC_WARN_ABOUT_RETURN_TYPE = YES_ERROR;
				GCC_WARN_UNDECLARED_SELECTOR = YES;
				GCC_WARN_UNINITIALIZED_AUTOS = YES_AGGRESSIVE;
				GCC_WARN_UNUSED_FUNCTION = YES;
				GCC_WARN_UNUSED_VARIABLE = YES;
				IPHONEOS_DEPLOYMENT_TARGET = 15.0;
				MTL_ENABLE_DEBUG_INFO = NO;
				MTL_FAST_MATH = YES;
				SDKROOT = iphoneos;
				SWIFT_COMPILATION_MODE = wholemodule;
				SWIFT_OPTIMIZATION_LEVEL = "-O";
				VALIDATE_PRODUCT = YES;
			};
			name = Release;
		};
		EDF320F729CE7F9500884C99 /* Debug */ = {
			isa = XCBuildConfiguration;
			buildSettings = {
				ASSETCATALOG_COMPILER_APPICON_NAME = AppIcon;
				ASSETCATALOG_COMPILER_GLOBAL_ACCENT_COLOR_NAME = AccentColor;
				CODE_SIGN_IDENTITY = "Apple Development";
				CODE_SIGN_STYLE = Automatic;
				CURRENT_PROJECT_VERSION = 22;
				DEVELOPMENT_ASSET_PATHS = "\"HelloWorld/Preview Content\"";
				DEVELOPMENT_TEAM = "";
				ENABLE_PREVIEWS = YES;
				GENERATE_INFOPLIST_FILE = YES;
				INFOPLIST_KEY_UIApplicationSceneManifest_Generation = YES;
				INFOPLIST_KEY_UIApplicationSupportsIndirectInputEvents = YES;
				INFOPLIST_KEY_UILaunchScreen_Generation = YES;
				INFOPLIST_KEY_UISupportedInterfaceOrientations_iPad = "UIInterfaceOrientationPortrait UIInterfaceOrientationPortraitUpsideDown UIInterfaceOrientationLandscapeLeft UIInterfaceOrientationLandscapeRight";
				INFOPLIST_KEY_UISupportedInterfaceOrientations_iPhone = "UIInterfaceOrientationPortrait UIInterfaceOrientationLandscapeLeft UIInterfaceOrientationLandscapeRight";
				LD_RUNPATH_SEARCH_PATHS = (
					"$(inherited)",
					"@executable_path/Frameworks",
				);
				MARKETING_VERSION = 1.0;
				PRODUCT_BUNDLE_IDENTIFIER = grilledsalmon.store.HelloWorld;
				PRODUCT_NAME = "$(TARGET_NAME)";
				PROVISIONING_PROFILE_SPECIFIER = "";
				SWIFT_EMIT_LOC_STRINGS = YES;
				SWIFT_VERSION = 5.0;
				TARGETED_DEVICE_FAMILY = "1,2";
				VERSIONING_SYSTEM = "";
			};
			name = Debug;
		};
		EDF320F829CE7F9500884C99 /* Release */ = {
			isa = XCBuildConfiguration;
			buildSettings = {
				ASSETCATALOG_COMPILER_APPICON_NAME = AppIcon;
				ASSETCATALOG_COMPILER_GLOBAL_ACCENT_COLOR_NAME = AccentColor;
				CODE_SIGN_IDENTITY = "Apple Development";
				CODE_SIGN_STYLE = Automatic;
				CURRENT_PROJECT_VERSION = 22;
				DEVELOPMENT_ASSET_PATHS = "\"HelloWorld/Preview Content\"";
				DEVELOPMENT_TEAM = "";
				ENABLE_PREVIEWS = YES;
				GENERATE_INFOPLIST_FILE = YES;
				INFOPLIST_KEY_UIApplicationSceneManifest_Generation = YES;
				INFOPLIST_KEY_UIApplicationSupportsIndirectInputEvents = YES;
				INFOPLIST_KEY_UILaunchScreen_Generation = YES;
				INFOPLIST_KEY_UISupportedInterfaceOrientations_iPad = "UIInterfaceOrientationPortrait UIInterfaceOrientationPortraitUpsideDown UIInterfaceOrientationLandscapeLeft UIInterfaceOrientationLandscapeRight";
				INFOPLIST_KEY_UISupportedInterfaceOrientations_iPhone = "UIInterfaceOrientationPortrait UIInterfaceOrientationLandscapeLeft UIInterfaceOrientationLandscapeRight";
				LD_RUNPATH_SEARCH_PATHS = (
					"$(inherited)",
					"@executable_path/Frameworks",
				);
				MARKETING_VERSION = 1.0;
				PRODUCT_BUNDLE_IDENTIFIER = grilledsalmon.store.HelloWorld;
				PRODUCT_NAME = "$(TARGET_NAME)";
				PROVISIONING_PROFILE_SPECIFIER = "";
				SWIFT_EMIT_LOC_STRINGS = YES;
				SWIFT_VERSION = 5.0;
				TARGETED_DEVICE_FAMILY = "1,2";
				VERSIONING_SYSTEM = "";
			};
			name = Release;
		};
		EDF320FA29CE7F9500884C99 /* Debug */ = {
			isa = XCBuildConfiguration;
			buildSettings = {
				ALWAYS_EMBED_SWIFT_STANDARD_LIBRARIES = YES;
				BUNDLE_LOADER = "$(TEST_HOST)";
				CODE_SIGN_IDENTITY = "Apple Development";
				"CODE_SIGN_IDENTITY[sdk=iphoneos*]" = "iPhone Distribution";
				CODE_SIGN_STYLE = Manual;
				CURRENT_PROJECT_VERSION = 22;
				DEVELOPMENT_TEAM = "";
				GENERATE_INFOPLIST_FILE = YES;
				IPHONEOS_DEPLOYMENT_TARGET = 16.2;
				MARKETING_VERSION = 1.0;
				PRODUCT_BUNDLE_IDENTIFIER = grilledsalmon.store.HelloWorldTests;
				PRODUCT_NAME = "$(TARGET_NAME)";
				PROVISIONING_PROFILE_SPECIFIER = "";
				"PROVISIONING_PROFILE_SPECIFIER[sdk=iphoneos*]" = "match AppStore grilledsalmon.store.HelloWorld";
				SWIFT_EMIT_LOC_STRINGS = NO;
				SWIFT_VERSION = 5.0;
				TARGETED_DEVICE_FAMILY = "1,2";
				TEST_HOST = "$(BUILT_PRODUCTS_DIR)/HelloWorld.app/$(BUNDLE_EXECUTABLE_FOLDER_PATH)/HelloWorld";
			};
			name = Debug;
		};
		EDF320FB29CE7F9500884C99 /* Release */ = {
			isa = XCBuildConfiguration;
			buildSettings = {
				ALWAYS_EMBED_SWIFT_STANDARD_LIBRARIES = YES;
				BUNDLE_LOADER = "$(TEST_HOST)";
				CODE_SIGN_IDENTITY = "Apple Development";
				"CODE_SIGN_IDENTITY[sdk=iphoneos*]" = "iPhone Distribution";
				CODE_SIGN_STYLE = Manual;
				CURRENT_PROJECT_VERSION = 22;
				DEVELOPMENT_TEAM = "";
				GENERATE_INFOPLIST_FILE = YES;
				IPHONEOS_DEPLOYMENT_TARGET = 16.2;
				MARKETING_VERSION = 1.0;
				PRODUCT_BUNDLE_IDENTIFIER = grilledsalmon.store.HelloWorldTests;
				PRODUCT_NAME = "$(TARGET_NAME)";
				PROVISIONING_PROFILE_SPECIFIER = "";
				"PROVISIONING_PROFILE_SPECIFIER[sdk=iphoneos*]" = "match AppStore grilledsalmon.store.HelloWorld";
				SWIFT_EMIT_LOC_STRINGS = NO;
				SWIFT_VERSION = 5.0;
				TARGETED_DEVICE_FAMILY = "1,2";
				TEST_HOST = "$(BUILT_PRODUCTS_DIR)/HelloWorld.app/$(BUNDLE_EXECUTABLE_FOLDER_PATH)/HelloWorld";
			};
			name = Release;
		};
		EDF320FD29CE7F9500884C99 /* Debug */ = {
			isa = XCBuildConfiguration;
			buildSettings = {
				ALWAYS_EMBED_SWIFT_STANDARD_LIBRARIES = YES;
				CODE_SIGN_STYLE = Manual;
				CURRENT_PROJECT_VERSION = 22;
				DEVELOPMENT_TEAM = "";
				GENERATE_INFOPLIST_FILE = YES;
				MARKETING_VERSION = 1.0;
				PRODUCT_BUNDLE_IDENTIFIER = grilledsalmon.store.HelloWorldUITests;
				PRODUCT_NAME = "$(TARGET_NAME)";
				PROVISIONING_PROFILE_SPECIFIER = "";
				SWIFT_EMIT_LOC_STRINGS = NO;
				SWIFT_VERSION = 5.0;
				TARGETED_DEVICE_FAMILY = "1,2";
				TEST_TARGET_NAME = HelloWorld;
			};
			name = Debug;
		};
		EDF320FE29CE7F9500884C99 /* Release */ = {
			isa = XCBuildConfiguration;
			buildSettings = {
				ALWAYS_EMBED_SWIFT_STANDARD_LIBRARIES = YES;
				CODE_SIGN_STYLE = Manual;
				CURRENT_PROJECT_VERSION = 22;
				DEVELOPMENT_TEAM = "";
				GENERATE_INFOPLIST_FILE = YES;
				MARKETING_VERSION = 1.0;
				PRODUCT_BUNDLE_IDENTIFIER = grilledsalmon.store.HelloWorldUITests;
				PRODUCT_NAME = "$(TARGET_NAME)";
				PROVISIONING_PROFILE_SPECIFIER = "";
				SWIFT_EMIT_LOC_STRINGS = NO;
				SWIFT_VERSION = 5.0;
				TARGETED_DEVICE_FAMILY = "1,2";
				TEST_TARGET_NAME = HelloWorld;
			};
			name = Release;
		};
/* End XCBuildConfiguration section */

/* Begin XCConfigurationList section */
		57402F5829DBFC6F00E75B1A /* Build configuration list for PBXNativeTarget "FastlaneSnapshot" */ = {
			isa = XCConfigurationList;
			buildConfigurations = (
				57402F5629DBFC6F00E75B1A /* Debug */,
				57402F5729DBFC6F00E75B1A /* Release */,
			);
			defaultConfigurationIsVisible = 0;
			defaultConfigurationName = Release;
		};
		EDF320CD29CE7F9400884C99 /* Build configuration list for PBXProject "HelloWorld" */ = {
			isa = XCConfigurationList;
			buildConfigurations = (
				EDF320F429CE7F9500884C99 /* Debug */,
				EDF320F529CE7F9500884C99 /* Release */,
			);
			defaultConfigurationIsVisible = 0;
			defaultConfigurationName = Release;
		};
		EDF320F629CE7F9500884C99 /* Build configuration list for PBXNativeTarget "HelloWorld" */ = {
			isa = XCConfigurationList;
			buildConfigurations = (
				EDF320F729CE7F9500884C99 /* Debug */,
				EDF320F829CE7F9500884C99 /* Release */,
			);
			defaultConfigurationIsVisible = 0;
			defaultConfigurationName = Release;
		};
		EDF320F929CE7F9500884C99 /* Build configuration list for PBXNativeTarget "HelloWorldTests" */ = {
			isa = XCConfigurationList;
			buildConfigurations = (
				EDF320FA29CE7F9500884C99 /* Debug */,
				EDF320FB29CE7F9500884C99 /* Release */,
			);
			defaultConfigurationIsVisible = 0;
			defaultConfigurationName = Release;
		};
		EDF320FC29CE7F9500884C99 /* Build configuration list for PBXNativeTarget "HelloWorldUITests" */ = {
			isa = XCConfigurationList;
			buildConfigurations = (
				EDF320FD29CE7F9500884C99 /* Debug */,
				EDF320FE29CE7F9500884C99 /* Release */,
			);
			defaultConfigurationIsVisible = 0;
			defaultConfigurationName = Release;
		};
/* End XCConfigurationList section */
	};
	rootObject = EDF320CA29CE7F9400884C99 /* Project object */;
}
